{
  "lockfileVersion": 1,
  "configVersion": 1,
  "workspaces": {
    "": {
      "name": "my-pathmx-learning-space",
      "dependencies": {
        "@fellowhumans/pathmx": "0.1.25",
      },
    },
  },
  "packages": {
    "@fellowhumans/pathmx": ["@fellowhumans/pathmx@0.1.25", "", { "bin": { "pathmx": "dist/pathmx.js", "pmx": "dist/pathmx.js" } }, "sha512-gmxzizQWL9re8hcpVzgGAoPcMERV+WUIT5KFWUVsAPsWtd0tt0El/aCkSIk82CbN4/RbArHiN1BkDEg70NdFkg=="],
  }
}
