{
  "lockfileVersion": 1,
  "configVersion": 1,
  "workspaces": {
    "": {
      "name": "my-pathmx-learning-space",
      "dependencies": {
        "@fellowhumans/pathmx": "0.1.24",
      },
    },
  },
  "packages": {
    "@fellowhumans/pathmx": ["@fellowhumans/pathmx@0.1.24", "", { "bin": { "pathmx": "dist/pathmx.js", "pmx": "dist/pathmx.js" } }, "sha512-0DHNQWtgDvzav4+V1IE7R3Qh4YHrPene+A/YO9zlOxWHv0hpNoqQ1qBFg7rriRiuUe8jTaup59sg8ZThLCbiEA=="],
  }
}
