{
  "lockfileVersion": 1,
  "configVersion": 1,
  "workspaces": {
    "": {
      "name": "my-pathmx-learning-space",
      "dependencies": {
        "@fellowhumans/pathmx": "latest",
      },
    },
  },
  "packages": {
    "@fellowhumans/pathmx": ["@fellowhumans/pathmx@0.1.26", "", { "bin": { "pathmx": "dist/pathmx.js", "pmx": "dist/pathmx.js" } }, "sha512-jwPNb+zuYslUD9RLloWzOppAVtxmt5sCNzzmai7gGoN7S6OFUDo6/ach4xS7shKRfur5hlQLJ31ctZ97eWqG3w=="],
  }
}
